{
  "object": {
    "pins": [
      {
        "package": "CBGPromise",
        "repositoryURL": "https://github.com/cbguder/CBGPromise.git",
        "state": {
          "branch": null,
          "revision": "fd57b5d11464d87ccb9d613cf5bc0a1ccf1ed690",
          "version": "0.5.0"
        }
      },
      {
        "package": "FutureHTTP",
        "repositoryURL": "https://github.com/younata/FutureHTTP.git",
        "state": {
          "branch": null,
          "revision": "2eee2c4b338115d4731a3d67c57a42e742507330",
          "version": "0.1.8"
        }
      },
      {
        "package": "Nimble",
        "repositoryURL": "https://github.com/quick/Nimble.git",
        "state": {
          "branch": null,
          "revision": "cd6dfb86f496fcd96ce0bc6da962cd936bf41903",
          "version": "7.3.1"
        }
      },
      {
        "package": "Quick",
        "repositoryURL": "https://github.com/quick/Quick.git",
        "state": {
          "branch": null,
          "revision": "5fbf13871d185526993130c3a1fad0b70bfe37ce",
          "version": "1.3.2"
        }
      },
      {
        "package": "Result",
        "repositoryURL": "https://github.com/antitypical/Result.git",
        "state": {
          "branch": null,
          "revision": "8fc088dcf72802801efeecba76ea8fb041fb773d",
          "version": "4.0.0"
        }
      },
      {
        "package": "SwiftyJSON",
        "repositoryURL": "https://github.com/swiftyjson/SwiftyJSON.git",
        "state": {
          "branch": null,
          "revision": "184c6884998c41f71a73c459f9b525b7121be846",
          "version": "4.2.0"
        }
      }
    ]
  },
  "version": 1
}
